
Microsoft Visual Studio Solution File, Format Version 12.00
# Visual Studio 2013
VisualStudioVersion = 12.0.30501.0
MinimumVisualStudioVersion = 10.0.40219.1
Project("{8BC9CEB8-8B4A-11D0-8D11-00A0C91BC942}") = "Binary_Tree", "Binary_Tree\Binary_Tree.vcxproj", "{8F429CBC-0A9B-4383-9A6B-6B2B00BB30AF}"
EndProject
Global
	GlobalSection(SolutionConfigurationPlatforms) = preSolution
		Debug|Win32 = Debug|Win32
		Release|Win32 = Release|Win32
	EndGlobalSection
	GlobalSection(ProjectConfigurationPlatforms) = postSolution
		{8F429CBC-0A9B-4383-9A6B-6B2B00BB30AF}.Debug|Win32.ActiveCfg = Debug|Win32
		{8F429CBC-0A9B-4383-9A6B-6B2B00BB30AF}.Debug|Win32.Build.0 = Debug|Win32
		{8F429CBC-0A9B-4383-9A6B-6B2B00BB30AF}.Release|Win32.ActiveCfg = Release|Win32
		{8F429CBC-0A9B-4383-9A6B-6B2B00BB30AF}.Release|Win32.Build.0 = Release|Win32
	EndGlobalSection
	GlobalSection(SolutionProperties) = preSolution
		HideSolutionNode = FALSE
	EndGlobalSection
EndGlobal
